{
  "name": "blog",
  "version": "0.1.1",
  "lockfileVersion": 1,
  "requires": true,
  "dependencies": {
    "@fortawesome/fontawesome-free": {
      "version": "5.13.0",
      "resolved": "https://registry.npmjs.org/@fortawesome/fontawesome-free/-/fontawesome-free-5.13.0.tgz",
      "integrity": "sha512-xKOeQEl5O47GPZYIMToj6uuA2syyFlq9EMSl2ui0uytjY9xbe8XS0pexNWmxrdcCyNGyDmLyYw5FtKsalBUeOg=="
    },
    "bootstrap": {
      "version": "4.4.1",
      "resolved": "https://registry.npmjs.org/bootstrap/-/bootstrap-4.4.1.tgz",
      "integrity": "sha512-tbx5cHubwE6e2ZG7nqM3g/FZ5PQEDMWmMGNrCUBVRPHXTJaH7CBDdsLeu3eCh3B1tzAxTnAbtmrzvWEvT2NNEA=="
    },
    "jquery": {
      "version": "3.5.0",
      "resolved": "https://registry.npmjs.org/jquery/-/jquery-3.5.0.tgz",
      "integrity": "sha512-Xb7SVYMvygPxbFMpTFQiHh1J7HClEaThguL15N/Gg37Lri/qKyhRGZYzHRyLH8Stq3Aow0LsHO2O2ci86fCrNQ=="
    },
    "jquery.easing": {
      "version": "1.4.1",
      "resolved": "https://registry.npmjs.org/jquery.easing/-/jquery.easing-1.4.1.tgz",
      "integrity": "sha1-R5gsWDa9dY/UhJSSPEoQHvbpPjs="
    },
    "sb-admin-2": {
      "version": "3.3.8",
      "resolved": "https://registry.npmjs.org/sb-admin-2/-/sb-admin-2-3.3.8.tgz",
      "integrity": "sha1-n0JLoiKz6pmO0H/4FF0vAipbeo0="
    },
    "startbootstrap-freelancer": {
      "version": "6.0.1",
      "resolved": "https://registry.npmjs.org/startbootstrap-freelancer/-/startbootstrap-freelancer-6.0.1.tgz",
      "integrity": "sha512-W6U229/9HQPPc6PRPgXglNSUE+YNahYWS0X41u3kHlgZnk4ddPKd2yu+BGzthiA/4gypF5IGtfxUq4RPtUXhmw==",
      "requires": {
        "bootstrap": "4.4.1"
      }
    }
  }
}
