{
  "name": "blog",
  "version": "0.1.1",
  "lockfileVersion": 1,
  "requires": true,
  "dependencies": {
    "@fortawesome/fontawesome-free": {
      "version": "5.15.1",
      "resolved": "https://registry.npmjs.org/@fortawesome/fontawesome-free/-/fontawesome-free-5.15.1.tgz",
      "integrity": "sha512-OEdH7SyC1suTdhBGW91/zBfR6qaIhThbcN8PUXtXilY4GYnSBbVqOntdHbC1vXwsDnX0Qix2m2+DSU1J51ybOQ=="
    },
    "bootstrap": {
      "version": "4.5.3",
      "resolved": "https://registry.npmjs.org/bootstrap/-/bootstrap-4.5.3.tgz",
      "integrity": "sha512-o9ppKQioXGqhw8Z7mah6KdTYpNQY//tipnkxppWhPbiSWdD+1raYsnhwEZjkTHYbGee4cVQ0Rx65EhOY/HNLcQ=="
    },
    "jquery": {
      "version": "3.5.1",
      "resolved": "https://registry.npmjs.org/jquery/-/jquery-3.5.1.tgz",
      "integrity": "sha512-XwIBPqcMn57FxfT+Go5pzySnm4KWkT1Tv7gjrpT1srtf8Weynl6R273VJ5GjkRb51IzMp5nbaPjJXMWeju2MKg=="
    },
    "jquery.easing": {
      "version": "1.4.1",
      "resolved": "https://registry.npmjs.org/jquery.easing/-/jquery.easing-1.4.1.tgz",
      "integrity": "sha1-R5gsWDa9dY/UhJSSPEoQHvbpPjs="
    },
    "sb-admin-2": {
      "version": "3.3.8",
      "resolved": "https://registry.npmjs.org/sb-admin-2/-/sb-admin-2-3.3.8.tgz",
      "integrity": "sha1-n0JLoiKz6pmO0H/4FF0vAipbeo0="
    },
    "startbootstrap-freelancer": {
      "version": "7.0.2",
      "resolved": "https://registry.npmjs.org/startbootstrap-freelancer/-/startbootstrap-freelancer-7.0.2.tgz",
      "integrity": "sha512-YD0VHVZ90x2ECzceSmqyAuMRblJunlwVCJ2XiCQs0Uz4jzlyjHUkICbUhEcluHxqQRCxWlgmosS/HvqTd7XHsw==",
      "requires": {
        "bootstrap": "5.0.1"
      },
      "dependencies": {
        "bootstrap": {
          "version": "5.0.1",
          "resolved": "https://registry.npmjs.org/bootstrap/-/bootstrap-5.0.1.tgz",
          "integrity": "sha512-Fl79+wsLOZKoiU345KeEaWD0ik8WKRI5zm0YSPj2oF1Qr+BO7z0fco6GbUtqjoG1h4VI89PeKJnMsMMVQdKKTw=="
        }
      }
    }
  }
}
